
Microsoft Visual Studio Solution File, Format Version 12.00
# Visual Studio Version 17
VisualStudioVersion = 17.4.33213.308
MinimumVisualStudioVersion = 10.0.40219.1
Project("{FAE04EC0-301F-11D3-BF4B-00C04F79EFBC}") = "ConsoleChessGame", "ConsoleChessGame\ConsoleChessGame.csproj", "{F4757FA2-23F3-494B-A675-718DE03F77F7}"
EndProject
Global
	GlobalSection(SolutionConfigurationPlatforms) = preSolution
		Debug|Any CPU = Debug|Any CPU
		Release|Any CPU = Release|Any CPU
	EndGlobalSection
	GlobalSection(ProjectConfigurationPlatforms) = postSolution
		{F4757FA2-23F3-494B-A675-718DE03F77F7}.Debug|Any CPU.ActiveCfg = Debug|Any CPU
		{F4757FA2-23F3-494B-A675-718DE03F77F7}.Debug|Any CPU.Build.0 = Debug|Any CPU
		{F4757FA2-23F3-494B-A675-718DE03F77F7}.Release|Any CPU.ActiveCfg = Release|Any CPU
		{F4757FA2-23F3-494B-A675-718DE03F77F7}.Release|Any CPU.Build.0 = Release|Any CPU
	EndGlobalSection
	GlobalSection(SolutionProperties) = preSolution
		HideSolutionNode = FALSE
	EndGlobalSection
	GlobalSection(ExtensibilityGlobals) = postSolution
		SolutionGuid = {18EEEFF2-3A4F-43D5-A3C2-ECA4E478F574}
	EndGlobalSection
EndGlobal
